
Microsoft Visual Studio Solution File, Format Version 12.00
# Visual Studio Version 17
VisualStudioVersion = 17.6.33723.286
MinimumVisualStudioVersion = 10.0.40219.1
Project("{9A19103F-16F7-4668-BE54-9A1E7A4F7556}") = "DTOs", "DTOs\DTOs.csproj", "{3E02E01B-03D6-4A30-B351-F1D3402B7156}"
EndProject
Project("{2150E333-8FDC-42A3-9474-1A3956D46DE8}") = "0-DTOs", "0-DTOs", "{E3CAD5DA-1FB9-4A58-B783-3A1239612EC3}"
EndProject
Project("{9A19103F-16F7-4668-BE54-9A1E7A4F7556}") = "DataAccess", "DataAccess\DataAccess.csproj", "{D6CBA6FE-B6CB-42BC-AF6D-2D0BDF1456A7}"
EndProject
Project("{9A19103F-16F7-4668-BE54-9A1E7A4F7556}") = "Core", "Core\Core.csproj", "{4F4B09AF-A0F3-410D-B828-EBAFB4DEA442}"
EndProject
Project("{9A19103F-16F7-4668-BE54-9A1E7A4F7556}") = "WebAPI", "WebAPI\WebAPI.csproj", "{475E9964-1B69-4F8B-BD0A-BC5426692F48}"
EndProject
Project("{2150E333-8FDC-42A3-9474-1A3956D46DE8}") = "1-DataAccess", "1-DataAccess", "{953B02AC-433D-4B7F-84FD-E2F30C43F7B0}"
EndProject
Project("{2150E333-8FDC-42A3-9474-1A3956D46DE8}") = "2-Core", "2-Core", "{7F812E59-4794-4312-9292-0139239A6B59}"
EndProject
Project("{2150E333-8FDC-42A3-9474-1A3956D46DE8}") = "3-WebAPI", "3-WebAPI", "{23AE6D0F-CD10-4AD6-8DE5-6AB0FB504287}"
EndProject
Project("{2150E333-8FDC-42A3-9474-1A3956D46DE8}") = "4-WebApp", "4-WebApp", "{F8BEC380-C564-4EED-9AE6-6BE9AC02868D}"
EndProject
Project("{9A19103F-16F7-4668-BE54-9A1E7A4F7556}") = "WebApp", "WebApp\WebApp.csproj", "{FC9E4219-3DF0-454B-8D32-3D2288CFCF23}"
EndProject
Global
	GlobalSection(SolutionConfigurationPlatforms) = preSolution
		Debug|Any CPU = Debug|Any CPU
		Release|Any CPU = Release|Any CPU
	EndGlobalSection
	GlobalSection(ProjectConfigurationPlatforms) = postSolution
		{3E02E01B-03D6-4A30-B351-F1D3402B7156}.Debug|Any CPU.ActiveCfg = Debug|Any CPU
		{3E02E01B-03D6-4A30-B351-F1D3402B7156}.Debug|Any CPU.Build.0 = Debug|Any CPU
		{3E02E01B-03D6-4A30-B351-F1D3402B7156}.Release|Any CPU.ActiveCfg = Release|Any CPU
		{3E02E01B-03D6-4A30-B351-F1D3402B7156}.Release|Any CPU.Build.0 = Release|Any CPU
		{D6CBA6FE-B6CB-42BC-AF6D-2D0BDF1456A7}.Debug|Any CPU.ActiveCfg = Debug|Any CPU
		{D6CBA6FE-B6CB-42BC-AF6D-2D0BDF1456A7}.Debug|Any CPU.Build.0 = Debug|Any CPU
		{D6CBA6FE-B6CB-42BC-AF6D-2D0BDF1456A7}.Release|Any CPU.ActiveCfg = Release|Any CPU
		{D6CBA6FE-B6CB-42BC-AF6D-2D0BDF1456A7}.Release|Any CPU.Build.0 = Release|Any CPU
		{4F4B09AF-A0F3-410D-B828-EBAFB4DEA442}.Debug|Any CPU.ActiveCfg = Debug|Any CPU
		{4F4B09AF-A0F3-410D-B828-EBAFB4DEA442}.Debug|Any CPU.Build.0 = Debug|Any CPU
		{4F4B09AF-A0F3-410D-B828-EBAFB4DEA442}.Release|Any CPU.ActiveCfg = Release|Any CPU
		{4F4B09AF-A0F3-410D-B828-EBAFB4DEA442}.Release|Any CPU.Build.0 = Release|Any CPU
		{475E9964-1B69-4F8B-BD0A-BC5426692F48}.Debug|Any CPU.ActiveCfg = Debug|Any CPU
		{475E9964-1B69-4F8B-BD0A-BC5426692F48}.Debug|Any CPU.Build.0 = Debug|Any CPU
		{475E9964-1B69-4F8B-BD0A-BC5426692F48}.Release|Any CPU.ActiveCfg = Release|Any CPU
		{475E9964-1B69-4F8B-BD0A-BC5426692F48}.Release|Any CPU.Build.0 = Release|Any CPU
		{FC9E4219-3DF0-454B-8D32-3D2288CFCF23}.Debug|Any CPU.ActiveCfg = Debug|Any CPU
		{FC9E4219-3DF0-454B-8D32-3D2288CFCF23}.Debug|Any CPU.Build.0 = Debug|Any CPU
		{FC9E4219-3DF0-454B-8D32-3D2288CFCF23}.Release|Any CPU.ActiveCfg = Release|Any CPU
		{FC9E4219-3DF0-454B-8D32-3D2288CFCF23}.Release|Any CPU.Build.0 = Release|Any CPU
	EndGlobalSection
	GlobalSection(SolutionProperties) = preSolution
		HideSolutionNode = FALSE
	EndGlobalSection
	GlobalSection(NestedProjects) = preSolution
		{3E02E01B-03D6-4A30-B351-F1D3402B7156} = {E3CAD5DA-1FB9-4A58-B783-3A1239612EC3}
		{D6CBA6FE-B6CB-42BC-AF6D-2D0BDF1456A7} = {953B02AC-433D-4B7F-84FD-E2F30C43F7B0}
		{4F4B09AF-A0F3-410D-B828-EBAFB4DEA442} = {7F812E59-4794-4312-9292-0139239A6B59}
		{475E9964-1B69-4F8B-BD0A-BC5426692F48} = {23AE6D0F-CD10-4AD6-8DE5-6AB0FB504287}
		{FC9E4219-3DF0-454B-8D32-3D2288CFCF23} = {F8BEC380-C564-4EED-9AE6-6BE9AC02868D}
	EndGlobalSection
	GlobalSection(ExtensibilityGlobals) = postSolution
		SolutionGuid = {40D8B083-5867-44E0-8DAE-116795A11768}
	EndGlobalSection
EndGlobal
